// !$*UTF8*$!
{
	archiveVersion = 1;
	classes = {
	};
	objectVersion = 55;
	objects = {

/* Begin PBXBuildFile section */
		0AF45BFC2826F53100A7E510 /* AppDelegate.swift in Sources */ = {isa = PBXBuildFile; fileRef = 0AF45BFB2826F53100A7E510 /* AppDelegate.swift */; };
		0AF45BFE2826F53100A7E510 /* SceneDelegate.swift in Sources */ = {isa = PBXBuildFile; fileRef = 0AF45BFD2826F53100A7E510 /* SceneDelegate.swift */; };
		0AF45C002826F53100A7E510 /* ViewController.swift in Sources */ = {isa = PBXBuildFile; fileRef = 0AF45BFF2826F53100A7E510 /* ViewController.swift */; };
		0AF45C032826F53100A7E510 /* Main.storyboard in Resources */ = {isa = PBXBuildFile; fileRef = 0AF45C012826F53100A7E510 /* Main.storyboard */; };
		0AF45C052826F53200A7E510 /* Assets.xcassets in Resources */ = {isa = PBXBuildFile; fileRef = 0AF45C042826F53200A7E510 /* Assets.xcassets */; };
		0AF45C082826F53200A7E510 /* LaunchScreen.storyboard in Resources */ = {isa = PBXBuildFile; fileRef = 0AF45C062826F53200A7E510 /* LaunchScreen.storyboard */; };
		0AF45C142826FB5F00A7E510 /* LobbyViewController.swift in Sources */ = {isa = PBXBuildFile; fileRef = 0AF45C132826FB5F00A7E510 /* LobbyViewController.swift */; };
		0AF45C162826FB6A00A7E510 /* BattleViewController.swift in Sources */ = {isa = PBXBuildFile; fileRef = 0AF45C152826FB6A00A7E510 /* BattleViewController.swift */; };
		0AF45C2F2826FEB200A7E510 /* lobby.png in Resources */ = {isa = PBXBuildFile; fileRef = 0AF45C1B2826FEB200A7E510 /* lobby.png */; };
		0AF45C302826FEB200A7E510 /* battlebg.png in Resources */ = {isa = PBXBuildFile; fileRef = 0AF45C1C2826FEB200A7E510 /* battlebg.png */; };
		0AF45C312826FEB200A7E510 /* bgimage.jpg in Resources */ = {isa = PBXBuildFile; fileRef = 0AF45C1D2826FEB200A7E510 /* bgimage.jpg */; };
		0AF45C322826FEB200A7E510 /* waku.png in Resources */ = {isa = PBXBuildFile; fileRef = 0AF45C1E2826FEB200A7E510 /* waku.png */; };
		0AF45C332826FEB200A7E510 /* gold_button.png in Resources */ = {isa = PBXBuildFile; fileRef = 0AF45C1F2826FEB200A7E510 /* gold_button.png */; };
		0AF45C342826FEB200A7E510 /* yusya.png in Resources */ = {isa = PBXBuildFile; fileRef = 0AF45C202826FEB200A7E510 /* yusya.png */; };
		0AF45C352826FEB200A7E510 /* monster.png in Resources */ = {isa = PBXBuildFile; fileRef = 0AF45C212826FEB200A7E510 /* monster.png */; };
		0AF45C362826FEB200A7E510 /* TechMonManager.swift in Sources */ = {isa = PBXBuildFile; fileRef = 0AF45C232826FEB200A7E510 /* TechMonManager.swift */; };
		0AF45C372826FEB200A7E510 /* Character.swift in Sources */ = {isa = PBXBuildFile; fileRef = 0AF45C242826FEB200A7E510 /* Character.swift */; };
		0AF45C382826FEB200A7E510 /* SE_fanfare.mp3 in Resources */ = {isa = PBXBuildFile; fileRef = 0AF45C262826FEB200A7E510 /* SE_fanfare.mp3 */; };
		0AF45C392826FEB200A7E510 /* BGM_battle001.mp3 in Resources */ = {isa = PBXBuildFile; fileRef = 0AF45C272826FEB200A7E510 /* BGM_battle001.mp3 */; };
		0AF45C3A2826FEB200A7E510 /* SE_fire.mp3 in Resources */ = {isa = PBXBuildFile; fileRef = 0AF45C282826FEB200A7E510 /* SE_fire.mp3 */; };
		0AF45C3B2826FEB200A7E510 /* SE_attack.mp3 in Resources */ = {isa = PBXBuildFile; fileRef = 0AF45C292826FEB200A7E510 /* SE_attack.mp3 */; };
		0AF45C3C2826FEB200A7E510 /* SE_gameover.mp3 in Resources */ = {isa = PBXBuildFile; fileRef = 0AF45C2A2826FEB200A7E510 /* SE_gameover.mp3 */; };
		0AF45C3D2826FEB200A7E510 /* SE_charge.mp3 in Resources */ = {isa = PBXBuildFile; fileRef = 0AF45C2B2826FEB200A7E510 /* SE_charge.mp3 */; };
		0AF45C3E2826FEB200A7E510 /* lobby.mp3 in Resources */ = {isa = PBXBuildFile; fileRef = 0AF45C2C2826FEB200A7E510 /* lobby.mp3 */; };
		0AF45C3F2826FEB200A7E510 /* misaki_gothic.ttf in Resources */ = {isa = PBXBuildFile; fileRef = 0AF45C2E2826FEB200A7E510 /* misaki_gothic.ttf */; };
/* End PBXBuildFile section */

/* Begin PBXFileReference section */
		0AF45BF82826F53100A7E510 /* TechMon.app */ = {isa = PBXFileReference; explicitFileType = wrapper.application; includeInIndex = 0; path = TechMon.app; sourceTree = BUILT_PRODUCTS_DIR; };
		0AF45BFB2826F53100A7E510 /* AppDelegate.swift */ = {isa = PBXFileReference; lastKnownFileType = sourcecode.swift; path = AppDelegate.swift; sourceTree = "<group>"; };
		0AF45BFD2826F53100A7E510 /* SceneDelegate.swift */ = {isa = PBXFileReference; lastKnownFileType = sourcecode.swift; path = SceneDelegate.swift; sourceTree = "<group>"; };
		0AF45BFF2826F53100A7E510 /* ViewController.swift */ = {isa = PBXFileReference; lastKnownFileType = sourcecode.swift; path = ViewController.swift; sourceTree = "<group>"; };
		0AF45C022826F53100A7E510 /* Base */ = {isa = PBXFileReference; lastKnownFileType = file.storyboard; name = Base; path = Base.lproj/Main.storyboard; sourceTree = "<group>"; };
		0AF45C042826F53200A7E510 /* Assets.xcassets */ = {isa = PBXFileReference; lastKnownFileType = folder.assetcatalog; path = Assets.xcassets; sourceTree = "<group>"; };
		0AF45C072826F53200A7E510 /* Base */ = {isa = PBXFileReference; lastKnownFileType = file.storyboard; name = Base; path = Base.lproj/LaunchScreen.storyboard; sourceTree = "<group>"; };
		0AF45C092826F53200A7E510 /* Info.plist */ = {isa = PBXFileReference; lastKnownFileType = text.plist.xml; path = Info.plist; sourceTree = "<group>"; };
		0AF45C132826FB5F00A7E510 /* LobbyViewController.swift */ = {isa = PBXFileReference; lastKnownFileType = sourcecode.swift; path = LobbyViewController.swift; sourceTree = "<group>"; };
		0AF45C152826FB6A00A7E510 /* BattleViewController.swift */ = {isa = PBXFileReference; lastKnownFileType = sourcecode.swift; path = BattleViewController.swift; sourceTree = "<group>"; };
		0AF45C1B2826FEB200A7E510 /* lobby.png */ = {isa = PBXFileReference; lastKnownFileType = image.png; path = lobby.png; sourceTree = "<group>"; };
		0AF45C1C2826FEB200A7E510 /* battlebg.png */ = {isa = PBXFileReference; lastKnownFileType = image.png; path = battlebg.png; sourceTree = "<group>"; };
		0AF45C1D2826FEB200A7E510 /* bgimage.jpg */ = {isa = PBXFileReference; lastKnownFileType = image.jpeg; path = bgimage.jpg; sourceTree = "<group>"; };
		0AF45C1E2826FEB200A7E510 /* waku.png */ = {isa = PBXFileReference; lastKnownFileType = image.png; path = waku.png; sourceTree = "<group>"; };
		0AF45C1F2826FEB200A7E510 /* gold_button.png */ = {isa = PBXFileReference; lastKnownFileType = image.png; path = gold_button.png; sourceTree = "<group>"; };
		0AF45C202826FEB200A7E510 /* yusya.png */ = {isa = PBXFileReference; lastKnownFileType = image.png; path = yusya.png; sourceTree = "<group>"; };
		0AF45C212826FEB200A7E510 /* monster.png */ = {isa = PBXFileReference; lastKnownFileType = image.png; path = monster.png; sourceTree = "<group>"; };
		0AF45C232826FEB200A7E510 /* TechMonManager.swift */ = {isa = PBXFileReference; fileEncoding = 4; lastKnownFileType = sourcecode.swift; path = TechMonManager.swift; sourceTree = "<group>"; };
		0AF45C242826FEB200A7E510 /* Character.swift */ = {isa = PBXFileReference; fileEncoding = 4; lastKnownFileType = sourcecode.swift; path = Character.swift; sourceTree = "<group>"; };
		0AF45C262826FEB200A7E510 /* SE_fanfare.mp3 */ = {isa = PBXFileReference; lastKnownFileType = audio.mp3; path = SE_fanfare.mp3; sourceTree = "<group>"; };
		0AF45C272826FEB200A7E510 /* BGM_battle001.mp3 */ = {isa = PBXFileReference; lastKnownFileType = audio.mp3; path = BGM_battle001.mp3; sourceTree = "<group>"; };
		0AF45C282826FEB200A7E510 /* SE_fire.mp3 */ = {isa = PBXFileReference; lastKnownFileType = audio.mp3; path = SE_fire.mp3; sourceTree = "<group>"; };
		0AF45C292826FEB200A7E510 /* SE_attack.mp3 */ = {isa = PBXFileReference; lastKnownFileType = audio.mp3; path = SE_attack.mp3; sourceTree = "<group>"; };
		0AF45C2A2826FEB200A7E510 /* SE_gameover.mp3 */ = {isa = PBXFileReference; lastKnownFileType = audio.mp3; path = SE_gameover.mp3; sourceTree = "<group>"; };
		0AF45C2B2826FEB200A7E510 /* SE_charge.mp3 */ = {isa = PBXFileReference; lastKnownFileType = audio.mp3; path = SE_charge.mp3; sourceTree = "<group>"; };
		0AF45C2C2826FEB200A7E510 /* lobby.mp3 */ = {isa = PBXFileReference; lastKnownFileType = audio.mp3; path = lobby.mp3; sourceTree = "<group>"; };
		0AF45C2E2826FEB200A7E510 /* misaki_gothic.ttf */ = {isa = PBXFileReference; lastKnownFileType = file; path = misaki_gothic.ttf; sourceTree = "<group>"; };
/* End PBXFileReference section */

/* Begin PBXFrameworksBuildPhase section */
		0AF45BF52826F53100A7E510 /* Frameworks */ = {
			isa = PBXFrameworksBuildPhase;
			buildActionMask = 2147483647;
			files = (
			);
			runOnlyForDeploymentPostprocessing = 0;
		};
/* End PBXFrameworksBuildPhase section */

/* Begin PBXGroup section */
		0AF45BEF2826F53100A7E510 = {
			isa = PBXGroup;
			children = (
				0AF45BFA2826F53100A7E510 /* TechMon */,
				0AF45BF92826F53100A7E510 /* Products */,
			);
			sourceTree = "<group>";
		};
		0AF45BF92826F53100A7E510 /* Products */ = {
			isa = PBXGroup;
			children = (
				0AF45BF82826F53100A7E510 /* TechMon.app */,
			);
			name = Products;
			sourceTree = "<group>";
		};
		0AF45BFA2826F53100A7E510 /* TechMon */ = {
			isa = PBXGroup;
			children = (
				0AF45C192826FEB100A7E510 /* TechMon_Resource */,
				0AF45BFB2826F53100A7E510 /* AppDelegate.swift */,
				0AF45BFD2826F53100A7E510 /* SceneDelegate.swift */,
				0AF45BFF2826F53100A7E510 /* ViewController.swift */,
				0AF45C132826FB5F00A7E510 /* LobbyViewController.swift */,
				0AF45C152826FB6A00A7E510 /* BattleViewController.swift */,
				0AF45C012826F53100A7E510 /* Main.storyboard */,
				0AF45C042826F53200A7E510 /* Assets.xcassets */,
				0AF45C062826F53200A7E510 /* LaunchScreen.storyboard */,
				0AF45C092826F53200A7E510 /* Info.plist */,
			);
			path = TechMon;
			sourceTree = "<group>";
		};
		0AF45C192826FEB100A7E510 /* TechMon_Resource */ = {
			isa = PBXGroup;
			children = (
				0AF45C1A2826FEB100A7E510 /* Images */,
				0AF45C222826FEB200A7E510 /* Models */,
				0AF45C252826FEB200A7E510 /* Sounds */,
				0AF45C2D2826FEB200A7E510 /* Fonts */,
			);
			path = TechMon_Resource;
			sourceTree = "<group>";
		};
		0AF45C1A2826FEB100A7E510 /* Images */ = {
			isa = PBXGroup;
			children = (
				0AF45C1B2826FEB200A7E510 /* lobby.png */,
				0AF45C1C2826FEB200A7E510 /* battlebg.png */,
				0AF45C1D2826FEB200A7E510 /* bgimage.jpg */,
				0AF45C1E2826FEB200A7E510 /* waku.png */,
				0AF45C1F2826FEB200A7E510 /* gold_button.png */,
				0AF45C202826FEB200A7E510 /* yusya.png */,
				0AF45C212826FEB200A7E510 /* monster.png */,
			);
			path = Images;
			sourceTree = "<group>";
		};
		0AF45C222826FEB200A7E510 /* Models */ = {
			isa = PBXGroup;
			children = (
				0AF45C232826FEB200A7E510 /* TechMonManager.swift */,
				0AF45C242826FEB200A7E510 /* Character.swift */,
			);
			path = Models;
			sourceTree = "<group>";
		};
		0AF45C252826FEB200A7E510 /* Sounds */ = {
			isa = PBXGroup;
			children = (
				0AF45C262826FEB200A7E510 /* SE_fanfare.mp3 */,
				0AF45C272826FEB200A7E510 /* BGM_battle001.mp3 */,
				0AF45C282826FEB200A7E510 /* SE_fire.mp3 */,
				0AF45C292826FEB200A7E510 /* SE_attack.mp3 */,
				0AF45C2A2826FEB200A7E510 /* SE_gameover.mp3 */,
				0AF45C2B2826FEB200A7E510 /* SE_charge.mp3 */,
				0AF45C2C2826FEB200A7E510 /* lobby.mp3 */,
			);
			path = Sounds;
			sourceTree = "<group>";
		};
		0AF45C2D2826FEB200A7E510 /* Fonts */ = {
			isa = PBXGroup;
			children = (
				0AF45C2E2826FEB200A7E510 /* misaki_gothic.ttf */,
			);
			path = Fonts;
			sourceTree = "<group>";
		};
/* End PBXGroup section */

/* Begin PBXNativeTarget section */
		0AF45BF72826F53100A7E510 /* TechMon */ = {
			isa = PBXNativeTarget;
			buildConfigurationList = 0AF45C0C2826F53200A7E510 /* Build configuration list for PBXNativeTarget "TechMon" */;
			buildPhases = (
				0AF45BF42826F53100A7E510 /* Sources */,
				0AF45BF52826F53100A7E510 /* Frameworks */,
				0AF45BF62826F53100A7E510 /* Resources */,
			);
			buildRules = (
			);
			dependencies = (
			);
			name = TechMon;
			productName = TechMon;
			productReference = 0AF45BF82826F53100A7E510 /* TechMon.app */;
			productType = "com.apple.product-type.application";
		};
/* End PBXNativeTarget section */

/* Begin PBXProject section */
		0AF45BF02826F53100A7E510 /* Project object */ = {
			isa = PBXProject;
			attributes = {
				BuildIndependentTargetsInParallel = 1;
				LastSwiftUpdateCheck = 1330;
				LastUpgradeCheck = 1330;
				TargetAttributes = {
					0AF45BF72826F53100A7E510 = {
						CreatedOnToolsVersion = 13.3.1;
					};
				};
			};
			buildConfigurationList = 0AF45BF32826F53100A7E510 /* Build configuration list for PBXProject "TechMon" */;
			compatibilityVersion = "Xcode 13.0";
			developmentRegion = en;
			hasScannedForEncodings = 0;
			knownRegions = (
				en,
				Base,
			);
			mainGroup = 0AF45BEF2826F53100A7E510;
			productRefGroup = 0AF45BF92826F53100A7E510 /* Products */;
			projectDirPath = "";
			projectRoot = "";
			targets = (
				0AF45BF72826F53100A7E510 /* TechMon */,
			);
		};
/* End PBXProject section */

/* Begin PBXResourcesBuildPhase section */
		0AF45BF62826F53100A7E510 /* Resources */ = {
			isa = PBXResourcesBuildPhase;
			buildActionMask = 2147483647;
			files = (
				0AF45C342826FEB200A7E510 /* yusya.png in Resources */,
				0AF45C312826FEB200A7E510 /* bgimage.jpg in Resources */,
				0AF45C322826FEB200A7E510 /* waku.png in Resources */,
				0AF45C382826FEB200A7E510 /* SE_fanfare.mp3 in Resources */,
				0AF45C2F2826FEB200A7E510 /* lobby.png in Resources */,
				0AF45C332826FEB200A7E510 /* gold_button.png in Resources */,
				0AF45C3B2826FEB200A7E510 /* SE_attack.mp3 in Resources */,
				0AF45C082826F53200A7E510 /* LaunchScreen.storyboard in Resources */,
				0AF45C3E2826FEB200A7E510 /* lobby.mp3 in Resources */,
				0AF45C052826F53200A7E510 /* Assets.xcassets in Resources */,
				0AF45C3F2826FEB200A7E510 /* misaki_gothic.ttf in Resources */,
				0AF45C3C2826FEB200A7E510 /* SE_gameover.mp3 in Resources */,
				0AF45C302826FEB200A7E510 /* battlebg.png in Resources */,
				0AF45C392826FEB200A7E510 /* BGM_battle001.mp3 in Resources */,
				0AF45C3D2826FEB200A7E510 /* SE_charge.mp3 in Resources */,
				0AF45C3A2826FEB200A7E510 /* SE_fire.mp3 in Resources */,
				0AF45C352826FEB200A7E510 /* monster.png in Resources */,
				0AF45C032826F53100A7E510 /* Main.storyboard in Resources */,
			);
			runOnlyForDeploymentPostprocessing = 0;
		};
/* End PBXResourcesBuildPhase section */

/* Begin PBXSourcesBuildPhase section */
		0AF45BF42826F53100A7E510 /* Sources */ = {
			isa = PBXSourcesBuildPhase;
			buildActionMask = 2147483647;
			files = (
				0AF45C362826FEB200A7E510 /* TechMonManager.swift in Sources */,
				0AF45C002826F53100A7E510 /* ViewController.swift in Sources */,
				0AF45C372826FEB200A7E510 /* Character.swift in Sources */,
				0AF45BFC2826F53100A7E510 /* AppDelegate.swift in Sources */,
				0AF45BFE2826F53100A7E510 /* SceneDelegate.swift in Sources */,
				0AF45C142826FB5F00A7E510 /* LobbyViewController.swift in Sources */,
				0AF45C162826FB6A00A7E510 /* BattleViewController.swift in Sources */,
			);
			runOnlyForDeploymentPostprocessing = 0;
		};
/* End PBXSourcesBuildPhase section */

/* Begin PBXVariantGroup section */
		0AF45C012826F53100A7E510 /* Main.storyboard */ = {
			isa = PBXVariantGroup;
			children = (
				0AF45C022826F53100A7E510 /* Base */,
			);
			name = Main.storyboard;
			sourceTree = "<group>";
		};
		0AF45C062826F53200A7E510 /* LaunchScreen.storyboard */ = {
			isa = PBXVariantGroup;
			children = (
				0AF45C072826F53200A7E510 /* Base */,
			);
			name = LaunchScreen.storyboard;
			sourceTree = "<group>";
		};
/* End PBXVariantGroup section */

/* Begin XCBuildConfiguration section */
		0AF45C0A2826F53200A7E510 /* Debug */ = {
			isa = XCBuildConfiguration;
			buildSettings = {
				ALWAYS_SEARCH_USER_PATHS = NO;
				CLANG_ANALYZER_NONNULL = YES;
				CLANG_ANALYZER_NUMBER_OBJECT_CONVERSION = YES_AGGRESSIVE;
				CLANG_CXX_LANGUAGE_STANDARD = "gnu++17";
				CLANG_ENABLE_MODULES = YES;
				CLANG_ENABLE_OBJC_ARC = YES;
				CLANG_ENABLE_OBJC_WEAK = YES;
				CLANG_WARN_BLOCK_CAPTURE_AUTORELEASING = YES;
				CLANG_WARN_BOOL_CONVERSION = YES;
				CLANG_WARN_COMMA = YES;
				CLANG_WARN_CONSTANT_CONVERSION = YES;
				CLANG_WARN_DEPRECATED_OBJC_IMPLEMENTATIONS = YES;
				CLANG_WARN_DIRECT_OBJC_ISA_USAGE = YES_ERROR;
				CLANG_WARN_DOCUMENTATION_COMMENTS = YES;
				CLANG_WARN_EMPTY_BODY = YES;
				CLANG_WARN_ENUM_CONVERSION = YES;
				CLANG_WARN_INFINITE_RECURSION = YES;
				CLANG_WARN_INT_CONVERSION = YES;
				CLANG_WARN_NON_LITERAL_NULL_CONVERSION = YES;
				CLANG_WARN_OBJC_IMPLICIT_RETAIN_SELF = YES;
				CLANG_WARN_OBJC_LITERAL_CONVERSION = YES;
				CLANG_WARN_OBJC_ROOT_CLASS = YES_ERROR;
				CLANG_WARN_QUOTED_INCLUDE_IN_FRAMEWORK_HEADER = YES;
				CLANG_WARN_RANGE_LOOP_ANALYSIS = YES;
				CLANG_WARN_STRICT_PROTOTYPES = YES;
				CLANG_WARN_SUSPICIOUS_MOVE = YES;
				CLANG_WARN_UNGUARDED_AVAILABILITY = YES_AGGRESSIVE;
				CLANG_WARN_UNREACHABLE_CODE = YES;
				CLANG_WARN__DUPLICATE_METHOD_MATCH = YES;
				COPY_PHASE_STRIP = NO;
				DEBUG_INFORMATION_FORMAT = dwarf;
				ENABLE_STRICT_OBJC_MSGSEND = YES;
				ENABLE_TESTABILITY = YES;
				GCC_C_LANGUAGE_STANDARD = gnu11;
				GCC_DYNAMIC_NO_PIC = NO;
				GCC_NO_COMMON_BLOCKS = YES;
				GCC_OPTIMIZATION_LEVEL = 0;
				GCC_PREPROCESSOR_DEFINITIONS = (
					"DEBUG=1",
					"$(inherited)",
				);
				GCC_WARN_64_TO_32_BIT_CONVERSION = YES;
				GCC_WARN_ABOUT_RETURN_TYPE = YES_ERROR;
				GCC_WARN_UNDECLARED_SELECTOR = YES;
				GCC_WARN_UNINITIALIZED_AUTOS = YES_AGGRESSIVE;
				GCC_WARN_UNUSED_FUNCTION = YES;
				GCC_WARN_UNUSED_VARIABLE = YES;
				IPHONEOS_DEPLOYMENT_TARGET = 15.4;
				MTL_ENABLE_DEBUG_INFO = INCLUDE_SOURCE;
				MTL_FAST_MATH = YES;
				ONLY_ACTIVE_ARCH = YES;
				SDKROOT = iphoneos;
				SWIFT_ACTIVE_COMPILATION_CONDITIONS = DEBUG;
				SWIFT_OPTIMIZATION_LEVEL = "-Onone";
			};
			name = Debug;
		};
		0AF45C0B2826F53200A7E510 /* Release */ = {
			isa = XCBuildConfiguration;
			buildSettings = {
				ALWAYS_SEARCH_USER_PATHS = NO;
				CLANG_ANALYZER_NONNULL = YES;
				CLANG_ANALYZER_NUMBER_OBJECT_CONVERSION = YES_AGGRESSIVE;
				CLANG_CXX_LANGUAGE_STANDARD = "gnu++17";
				CLANG_ENABLE_MODULES = YES;
				CLANG_ENABLE_OBJC_ARC = YES;
				CLANG_ENABLE_OBJC_WEAK = YES;
				CLANG_WARN_BLOCK_CAPTURE_AUTORELEASING = YES;
				CLANG_WARN_BOOL_CONVERSION = YES;
				CLANG_WARN_COMMA = YES;
				CLANG_WARN_CONSTANT_CONVERSION = YES;
				CLANG_WARN_DEPRECATED_OBJC_IMPLEMENTATIONS = YES;
				CLANG_WARN_DIRECT_OBJC_ISA_USAGE = YES_ERROR;
				CLANG_WARN_DOCUMENTATION_COMMENTS = YES;
				CLANG_WARN_EMPTY_BODY = YES;
				CLANG_WARN_ENUM_CONVERSION = YES;
				CLANG_WARN_INFINITE_RECURSION = YES;
				CLANG_WARN_INT_CONVERSION = YES;
				CLANG_WARN_NON_LITERAL_NULL_CONVERSION = YES;
				CLANG_WARN_OBJC_IMPLICIT_RETAIN_SELF = YES;
				CLANG_WARN_OBJC_LITERAL_CONVERSION = YES;
				CLANG_WARN_OBJC_ROOT_CLASS = YES_ERROR;
				CLANG_WARN_QUOTED_INCLUDE_IN_FRAMEWORK_HEADER = YES;
				CLANG_WARN_RANGE_LOOP_ANALYSIS = YES;
				CLANG_WARN_STRICT_PROTOTYPES = YES;
				CLANG_WARN_SUSPICIOUS_MOVE = YES;
				CLANG_WARN_UNGUARDED_AVAILABILITY = YES_AGGRESSIVE;
				CLANG_WARN_UNREACHABLE_CODE = YES;
				CLANG_WARN__DUPLICATE_METHOD_MATCH = YES;
				COPY_PHASE_STRIP = NO;
				DEBUG_INFORMATION_FORMAT = "dwarf-with-dsym";
				ENABLE_NS_ASSERTIONS = NO;
				ENABLE_STRICT_OBJC_MSGSEND = YES;
				GCC_C_LANGUAGE_STANDARD = gnu11;
				GCC_NO_COMMON_BLOCKS = YES;
				GCC_WARN_64_TO_32_BIT_CONVERSION = YES;
				GCC_WARN_ABOUT_RETURN_TYPE = YES_ERROR;
				GCC_WARN_UNDECLARED_SELECTOR = YES;
				GCC_WARN_UNINITIALIZED_AUTOS = YES_AGGRESSIVE;
				GCC_WARN_UNUSED_FUNCTION = YES;
				GCC_WARN_UNUSED_VARIABLE = YES;
				IPHONEOS_DEPLOYMENT_TARGET = 15.4;
				MTL_ENABLE_DEBUG_INFO = NO;
				MTL_FAST_MATH = YES;
				SDKROOT = iphoneos;
				SWIFT_COMPILATION_MODE = wholemodule;
				SWIFT_OPTIMIZATION_LEVEL = "-O";
				VALIDATE_PRODUCT = YES;
			};
			name = Release;
		};
		0AF45C0D2826F53200A7E510 /* Debug */ = {
			isa = XCBuildConfiguration;
			buildSettings = {
				ASSETCATALOG_COMPILER_APPICON_NAME = AppIcon;
				ASSETCATALOG_COMPILER_GLOBAL_ACCENT_COLOR_NAME = AccentColor;
				CODE_SIGN_STYLE = Automatic;
				CURRENT_PROJECT_VERSION = 1;
				DEVELOPMENT_TEAM = 3V8797S66Q;
				GENERATE_INFOPLIST_FILE = YES;
				INFOPLIST_FILE = TechMon/Info.plist;
				INFOPLIST_KEY_UIApplicationSupportsIndirectInputEvents = YES;
				INFOPLIST_KEY_UILaunchStoryboardName = LaunchScreen;
				INFOPLIST_KEY_UIMainStoryboardFile = Main;
				INFOPLIST_KEY_UISupportedInterfaceOrientations_iPad = "UIInterfaceOrientationPortrait UIInterfaceOrientationPortraitUpsideDown UIInterfaceOrientationLandscapeLeft UIInterfaceOrientationLandscapeRight";
				INFOPLIST_KEY_UISupportedInterfaceOrientations_iPhone = "UIInterfaceOrientationPortrait UIInterfaceOrientationLandscapeLeft UIInterfaceOrientationLandscapeRight";
				LD_RUNPATH_SEARCH_PATHS = (
					"$(inherited)",
					"@executable_path/Frameworks",
				);
				MARKETING_VERSION = 1.0;
				PRODUCT_BUNDLE_IDENTIFIER = app.sugiyama.wakuwakusan.TechMon;
				PRODUCT_NAME = "$(TARGET_NAME)";
				SWIFT_EMIT_LOC_STRINGS = YES;
				SWIFT_VERSION = 5.0;
				TARGETED_DEVICE_FAMILY = "1,2";
			};
			name = Debug;
		};
		0AF45C0E2826F53200A7E510 /* Release */ = {
			isa = XCBuildConfiguration;
			buildSettings = {
				ASSETCATALOG_COMPILER_APPICON_NAME = AppIcon;
				ASSETCATALOG_COMPILER_GLOBAL_ACCENT_COLOR_NAME = AccentColor;
				CODE_SIGN_STYLE = Automatic;
				CURRENT_PROJECT_VERSION = 1;
				DEVELOPMENT_TEAM = 3V8797S66Q;
				GENERATE_INFOPLIST_FILE = YES;
				INFOPLIST_FILE = TechMon/Info.plist;
				INFOPLIST_KEY_UIApplicationSupportsIndirectInputEvents = YES;
				INFOPLIST_KEY_UILaunchStoryboardName = LaunchScreen;
				INFOPLIST_KEY_UIMainStoryboardFile = Main;
				INFOPLIST_KEY_UISupportedInterfaceOrientations_iPad = "UIInterfaceOrientationPortrait UIInterfaceOrientationPortraitUpsideDown UIInterfaceOrientationLandscapeLeft UIInterfaceOrientationLandscapeRight";
				INFOPLIST_KEY_UISupportedInterfaceOrientations_iPhone = "UIInterfaceOrientationPortrait UIInterfaceOrientationLandscapeLeft UIInterfaceOrientationLandscapeRight";
				LD_RUNPATH_SEARCH_PATHS = (
					"$(inherited)",
					"@executable_path/Frameworks",
				);
				MARKETING_VERSION = 1.0;
				PRODUCT_BUNDLE_IDENTIFIER = app.sugiyama.wakuwakusan.TechMon;
				PRODUCT_NAME = "$(TARGET_NAME)";
				SWIFT_EMIT_LOC_STRINGS = YES;
				SWIFT_VERSION = 5.0;
				TARGETED_DEVICE_FAMILY = "1,2";
			};
			name = Release;
		};
/* End XCBuildConfiguration section */

/* Begin XCConfigurationList section */
		0AF45BF32826F53100A7E510 /* Build configuration list for PBXProject "TechMon" */ = {
			isa = XCConfigurationList;
			buildConfigurations = (
				0AF45C0A2826F53200A7E510 /* Debug */,
				0AF45C0B2826F53200A7E510 /* Release */,
			);
			defaultConfigurationIsVisible = 0;
			defaultConfigurationName = Release;
		};
		0AF45C0C2826F53200A7E510 /* Build configuration list for PBXNativeTarget "TechMon" */ = {
			isa = XCConfigurationList;
			buildConfigurations = (
				0AF45C0D2826F53200A7E510 /* Debug */,
				0AF45C0E2826F53200A7E510 /* Release */,
			);
			defaultConfigurationIsVisible = 0;
			defaultConfigurationName = Release;
		};
/* End XCConfigurationList section */
	};
	rootObject = 0AF45BF02826F53100A7E510 /* Project object */;
}
